{
  "name": "libao",
  "version": "1.0.0",
  "lockfileVersion": 1,
  "requires": true,
  "dependencies": {
    "dat.gui": {
      "version": "0.7.6",
      "resolved": "https://registry.npmjs.org/dat.gui/-/dat.gui-0.7.6.tgz",
      "integrity": "sha512-9Uqr4aQUvp9q5P2b4y6gK604HXafubOq578OmOS8mjrIkYrBP4EbQ9gz9YRXgyPh7aQi+b9H/jAG7EucmhYpSA=="
    },
    "gl-matrix": {
      "version": "3.1.0",
      "resolved": "https://registry.npmjs.org/gl-matrix/-/gl-matrix-3.1.0.tgz",
      "integrity": "sha512-526NA+3EA+ztAQi0IZpSWiM0fyQXIp7IbRvfJ4wS/TjjQD0uv0fVybXwwqqSOlq33UckivI0yMDlVtboWm3k7A=="
    },
    "open-simplex-noise": {
      "version": "1.7.0",
      "resolved": "https://registry.npmjs.org/open-simplex-noise/-/open-simplex-noise-1.7.0.tgz",
      "integrity": "sha512-2IofLUR/T3nZYCD6Il6509efdtdM6bQQ8rEWxgdHNdCALCgwtPnuxvf4e4k47mHBuDht2oEzmVRdOCpMfwq/Cw=="
    },
    "operative": {
      "version": "0.4.6",
      "resolved": "https://registry.npmjs.org/operative/-/operative-0.4.6.tgz",
      "integrity": "sha1-DhN79cx15YRRW9+3xAq1xRaeMaM="
    },
    "p5": {
      "version": "0.9.0",
      "resolved": "https://registry.npmjs.org/p5/-/p5-0.9.0.tgz",
      "integrity": "sha512-N8FzKr9SKofl4f+d9g6oYDRk5JOYgY1bIhCInzNxW7khc1zk7whQIOhaHeijSslfN3rJYfWso6Fn3O/w+TCwLg=="
    },
    "postprocessing": {
      "version": "6.8.8",
      "resolved": "https://registry.npmjs.org/postprocessing/-/postprocessing-6.8.8.tgz",
      "integrity": "sha512-U1id42f/38cMmzWmR98UuWXyYJ8UGTDoLabDskcC2AbTqfjtvbLI5/EM8GS+xAx1bwW+30TLIMAUtoWWeVTw1A=="
    },
    "qps": {
      "version": "1.1.1",
      "resolved": "https://registry.npmjs.org/qps/-/qps-1.1.1.tgz",
      "integrity": "sha1-hMdHpPx7boHS+nCUCOY1IQg4hNc="
    },
    "three": {
      "version": "0.110.0",
      "resolved": "https://registry.npmjs.org/three/-/three-0.110.0.tgz",
      "integrity": "sha512-wlurH8XBO9Sd5VIw8nBa+taLR20kqaI4e9FiuMh6tqK8eOS2q2R+ZoUyufbyDTVTHhs8GiTbv0r2CMLkwerFJg=="
    },
    "vue": {
      "version": "2.6.10",
      "resolved": "https://registry.npmjs.org/vue/-/vue-2.6.10.tgz",
      "integrity": "sha512-ImThpeNU9HbdZL3utgMCq0oiMzAkt1mcgy3/E6zWC/G6AaQoeuFdsl9nDhTDU3X1R6FK7nsIUuRACVcjI+A2GQ=="
    }
  }
}
